// !$*UTF8*$!
{
	archiveVersion = 1;
	classes = {
	};
	objectVersion = 77;
	objects = {

/* Begin PBXContainerItemProxy section */
		80819EEB2DF0602600F5E2F1 /* PBXContainerItemProxy */ = {
			isa = PBXContainerItemProxy;
			containerPortal = 80819ED02DF0602500F5E2F1 /* Project object */;
			proxyType = 1;
			remoteGlobalIDString = 80819ED72DF0602500F5E2F1;
			remoteInfo = "URLSession Demo";
		};
		80819EF52DF0602600F5E2F1 /* PBXContainerItemProxy */ = {
			isa = PBXContainerItemProxy;
			containerPortal = 80819ED02DF0602500F5E2F1 /* Project object */;
			proxyType = 1;
			remoteGlobalIDString = 80819ED72DF0602500F5E2F1;
			remoteInfo = "URLSession Demo";
		};
/* End PBXContainerItemProxy section */

/* Begin PBXFileReference section */
		80819ED82DF0602500F5E2F1 /* URLSession Demo.app */ = {isa = PBXFileReference; explicitFileType = wrapper.application; includeInIndex = 0; path = "URLSession Demo.app"; sourceTree = BUILT_PRODUCTS_DIR; };
		80819EEA2DF0602600F5E2F1 /* URLSession DemoTests.xctest */ = {isa = PBXFileReference; explicitFileType = wrapper.cfbundle; includeInIndex = 0; path = "URLSession DemoTests.xctest"; sourceTree = BUILT_PRODUCTS_DIR; };
		80819EF42DF0602600F5E2F1 /* URLSession DemoUITests.xctest */ = {isa = PBXFileReference; explicitFileType = wrapper.cfbundle; includeInIndex = 0; path = "URLSession DemoUITests.xctest"; sourceTree = BUILT_PRODUCTS_DIR; };
/* End PBXFileReference section */

/* Begin PBXFileSystemSynchronizedRootGroup section */
		80819EDA2DF0602500F5E2F1 /* URLSession Demo */ = {
			isa = PBXFileSystemSynchronizedRootGroup;
			path = "URLSession Demo";
			sourceTree = "<group>";
		};
		80819EED2DF0602600F5E2F1 /* URLSession DemoTests */ = {
			isa = PBXFileSystemSynchronizedRootGroup;
			path = "URLSession DemoTests";
			sourceTree = "<group>";
		};
		80819EF72DF0602600F5E2F1 /* URLSession DemoUITests */ = {
			isa = PBXFileSystemSynchronizedRootGroup;
			path = "URLSession DemoUITests";
			sourceTree = "<group>";
		};
/* End PBXFileSystemSynchronizedRootGroup section */

/* Begin PBXFrameworksBuildPhase section */
		80819ED52DF0602500F5E2F1 /* Frameworks */ = {
			isa = PBXFrameworksBuildPhase;
			buildActionMask = 2147483647;
			files = (
			);
			runOnlyForDeploymentPostprocessing = 0;
		};
		80819EE72DF0602600F5E2F1 /* Frameworks */ = {
			isa = PBXFrameworksBuildPhase;
			buildActionMask = 2147483647;
			files = (
			);
			runOnlyForDeploymentPostprocessing = 0;
		};
		80819EF12DF0602600F5E2F1 /* Frameworks */ = {
			isa = PBXFrameworksBuildPhase;
			buildActionMask = 2147483647;
			files = (
			);
			runOnlyForDeploymentPostprocessing = 0;
		};
/* End PBXFrameworksBuildPhase section */

/* Begin PBXGroup section */
		80819ECF2DF0602500F5E2F1 = {
			isa = PBXGroup;
			children = (
				80819EDA2DF0602500F5E2F1 /* URLSession Demo */,
				80819EED2DF0602600F5E2F1 /* URLSession DemoTests */,
				80819EF72DF0602600F5E2F1 /* URLSession DemoUITests */,
				80819ED92DF0602500F5E2F1 /* Products */,
			);
			sourceTree = "<group>";
		};
		80819ED92DF0602500F5E2F1 /* Products */ = {
			isa = PBXGroup;
			children = (
				80819ED82DF0602500F5E2F1 /* URLSession Demo.app */,
				80819EEA2DF0602600F5E2F1 /* URLSession DemoTests.xctest */,
				80819EF42DF0602600F5E2F1 /* URLSession DemoUITests.xctest */,
			);
			name = Products;
			sourceTree = "<group>";
		};
/* End PBXGroup section */

/* Begin PBXNativeTarget section */
		80819ED72DF0602500F5E2F1 /* URLSession Demo */ = {
			isa = PBXNativeTarget;
			buildConfigurationList = 80819EFE2DF0602600F5E2F1 /* Build configuration list for PBXNativeTarget "URLSession Demo" */;
			buildPhases = (
				80819ED42DF0602500F5E2F1 /* Sources */,
				80819ED52DF0602500F5E2F1 /* Frameworks */,
				80819ED62DF0602500F5E2F1 /* Resources */,
			);
			buildRules = (
			);
			dependencies = (
			);
			fileSystemSynchronizedGroups = (
				80819EDA2DF0602500F5E2F1 /* URLSession Demo */,
			);
			name = "URLSession Demo";
			packageProductDependencies = (
			);
			productName = "URLSession Demo";
			productReference = 80819ED82DF0602500F5E2F1 /* URLSession Demo.app */;
			productType = "com.apple.product-type.application";
		};
		80819EE92DF0602600F5E2F1 /* URLSession DemoTests */ = {
			isa = PBXNativeTarget;
			buildConfigurationList = 80819F012DF0602600F5E2F1 /* Build configuration list for PBXNativeTarget "URLSession DemoTests" */;
			buildPhases = (
				80819EE62DF0602600F5E2F1 /* Sources */,
				80819EE72DF0602600F5E2F1 /* Frameworks */,
				80819EE82DF0602600F5E2F1 /* Resources */,
			);
			buildRules = (
			);
			dependencies = (
				80819EEC2DF0602600F5E2F1 /* PBXTargetDependency */,
			);
			fileSystemSynchronizedGroups = (
				80819EED2DF0602600F5E2F1 /* URLSession DemoTests */,
			);
			name = "URLSession DemoTests";
			packageProductDependencies = (
			);
			productName = "URLSession DemoTests";
			productReference = 80819EEA2DF0602600F5E2F1 /* URLSession DemoTests.xctest */;
			productType = "com.apple.product-type.bundle.unit-test";
		};
		80819EF32DF0602600F5E2F1 /* URLSession DemoUITests */ = {
			isa = PBXNativeTarget;
			buildConfigurationList = 80819F042DF0602600F5E2F1 /* Build configuration list for PBXNativeTarget "URLSession DemoUITests" */;
			buildPhases = (
				80819EF02DF0602600F5E2F1 /* Sources */,
				80819EF12DF0602600F5E2F1 /* Frameworks */,
				80819EF22DF0602600F5E2F1 /* Resources */,
			);
			buildRules = (
			);
			dependencies = (
				80819EF62DF0602600F5E2F1 /* PBXTargetDependency */,
			);
			fileSystemSynchronizedGroups = (
				80819EF72DF0602600F5E2F1 /* URLSession DemoUITests */,
			);
			name = "URLSession DemoUITests";
			packageProductDependencies = (
			);
			productName = "URLSession DemoUITests";
			productReference = 80819EF42DF0602600F5E2F1 /* URLSession DemoUITests.xctest */;
			productType = "com.apple.product-type.bundle.ui-testing";
		};
/* End PBXNativeTarget section */

/* Begin PBXProject section */
		80819ED02DF0602500F5E2F1 /* Project object */ = {
			isa = PBXProject;
			attributes = {
				BuildIndependentTargetsInParallel = 1;
				LastSwiftUpdateCheck = 1620;
				LastUpgradeCheck = 1620;
				TargetAttributes = {
					80819ED72DF0602500F5E2F1 = {
						CreatedOnToolsVersion = 16.2;
					};
					80819EE92DF0602600F5E2F1 = {
						CreatedOnToolsVersion = 16.2;
						TestTargetID = 80819ED72DF0602500F5E2F1;
					};
					80819EF32DF0602600F5E2F1 = {
						CreatedOnToolsVersion = 16.2;
						TestTargetID = 80819ED72DF0602500F5E2F1;
					};
				};
			};
			buildConfigurationList = 80819ED32DF0602500F5E2F1 /* Build configuration list for PBXProject "URLSession Demo" */;
			developmentRegion = en;
			hasScannedForEncodings = 0;
			knownRegions = (
				en,
				Base,
			);
			mainGroup = 80819ECF2DF0602500F5E2F1;
			minimizedProjectReferenceProxies = 1;
			preferredProjectObjectVersion = 77;
			productRefGroup = 80819ED92DF0602500F5E2F1 /* Products */;
			projectDirPath = "";
			projectRoot = "";
			targets = (
				80819ED72DF0602500F5E2F1 /* URLSession Demo */,
				80819EE92DF0602600F5E2F1 /* URLSession DemoTests */,
				80819EF32DF0602600F5E2F1 /* URLSession DemoUITests */,
			);
		};
/* End PBXProject section */

/* Begin PBXResourcesBuildPhase section */
		80819ED62DF0602500F5E2F1 /* Resources */ = {
			isa = PBXResourcesBuildPhase;
			buildActionMask = 2147483647;
			files = (
			);
			runOnlyForDeploymentPostprocessing = 0;
		};
		80819EE82DF0602600F5E2F1 /* Resources */ = {
			isa = PBXResourcesBuildPhase;
			buildActionMask = 2147483647;
			files = (
			);
			runOnlyForDeploymentPostprocessing = 0;
		};
		80819EF22DF0602600F5E2F1 /* Resources */ = {
			isa = PBXResourcesBuildPhase;
			buildActionMask = 2147483647;
			files = (
			);
			runOnlyForDeploymentPostprocessing = 0;
		};
/* End PBXResourcesBuildPhase section */

/* Begin PBXSourcesBuildPhase section */
		80819ED42DF0602500F5E2F1 /* Sources */ = {
			isa = PBXSourcesBuildPhase;
			buildActionMask = 2147483647;
			files = (
			);
			runOnlyForDeploymentPostprocessing = 0;
		};
		80819EE62DF0602600F5E2F1 /* Sources */ = {
			isa = PBXSourcesBuildPhase;
			buildActionMask = 2147483647;
			files = (
			);
			runOnlyForDeploymentPostprocessing = 0;
		};
		80819EF02DF0602600F5E2F1 /* Sources */ = {
			isa = PBXSourcesBuildPhase;
			buildActionMask = 2147483647;
			files = (
			);
			runOnlyForDeploymentPostprocessing = 0;
		};
/* End PBXSourcesBuildPhase section */

/* Begin PBXTargetDependency section */
		80819EEC2DF0602600F5E2F1 /* PBXTargetDependency */ = {
			isa = PBXTargetDependency;
			target = 80819ED72DF0602500F5E2F1 /* URLSession Demo */;
			targetProxy = 80819EEB2DF0602600F5E2F1 /* PBXContainerItemProxy */;
		};
		80819EF62DF0602600F5E2F1 /* PBXTargetDependency */ = {
			isa = PBXTargetDependency;
			target = 80819ED72DF0602500F5E2F1 /* URLSession Demo */;
			targetProxy = 80819EF52DF0602600F5E2F1 /* PBXContainerItemProxy */;
		};
/* End PBXTargetDependency section */

/* Begin XCBuildConfiguration section */
		80819EFC2DF0602600F5E2F1 /* Debug */ = {
			isa = XCBuildConfiguration;
			buildSettings = {
				ALWAYS_SEARCH_USER_PATHS = NO;
				ASSETCATALOG_COMPILER_GENERATE_SWIFT_ASSET_SYMBOL_EXTENSIONS = YES;
				CLANG_ANALYZER_NONNULL = YES;
				CLANG_ANALYZER_NUMBER_OBJECT_CONVERSION = YES_AGGRESSIVE;
				CLANG_CXX_LANGUAGE_STANDARD = "gnu++20";
				CLANG_ENABLE_MODULES = YES;
				CLANG_ENABLE_OBJC_ARC = YES;
				CLANG_ENABLE_OBJC_WEAK = YES;
				CLANG_WARN_BLOCK_CAPTURE_AUTORELEASING = YES;
				CLANG_WARN_BOOL_CONVERSION = YES;
				CLANG_WARN_COMMA = YES;
				CLANG_WARN_CONSTANT_CONVERSION = YES;
				CLANG_WARN_DEPRECATED_OBJC_IMPLEMENTATIONS = YES;
				CLANG_WARN_DIRECT_OBJC_ISA_USAGE = YES_ERROR;
				CLANG_WARN_DOCUMENTATION_COMMENTS = YES;
				CLANG_WARN_EMPTY_BODY = YES;
				CLANG_WARN_ENUM_CONVERSION = YES;
				CLANG_WARN_INFINITE_RECURSION = YES;
				CLANG_WARN_INT_CONVERSION = YES;
				CLANG_WARN_NON_LITERAL_NULL_CONVERSION = YES;
				CLANG_WARN_OBJC_IMPLICIT_RETAIN_SELF = YES;
				CLANG_WARN_OBJC_LITERAL_CONVERSION = YES;
				CLANG_WARN_OBJC_ROOT_CLASS = YES_ERROR;
				CLANG_WARN_QUOTED_INCLUDE_IN_FRAMEWORK_HEADER = YES;
				CLANG_WARN_RANGE_LOOP_ANALYSIS = YES;
				CLANG_WARN_STRICT_PROTOTYPES = YES;
				CLANG_WARN_SUSPICIOUS_MOVE = YES;
				CLANG_WARN_UNGUARDED_AVAILABILITY = YES_AGGRESSIVE;
				CLANG_WARN_UNREACHABLE_CODE = YES;
				CLANG_WARN__DUPLICATE_METHOD_MATCH = YES;
				COPY_PHASE_STRIP = NO;
				DEBUG_INFORMATION_FORMAT = dwarf;
				ENABLE_STRICT_OBJC_MSGSEND = YES;
				ENABLE_TESTABILITY = YES;
				ENABLE_USER_SCRIPT_SANDBOXING = YES;
				GCC_C_LANGUAGE_STANDARD = gnu17;
				GCC_DYNAMIC_NO_PIC = NO;
				GCC_NO_COMMON_BLOCKS = YES;
				GCC_OPTIMIZATION_LEVEL = 0;
				GCC_PREPROCESSOR_DEFINITIONS = (
					"DEBUG=1",
					"$(inherited)",
				);
				GCC_WARN_64_TO_32_BIT_CONVERSION = YES;
				GCC_WARN_ABOUT_RETURN_TYPE = YES_ERROR;
				GCC_WARN_UNDECLARED_SELECTOR = YES;
				GCC_WARN_UNINITIALIZED_AUTOS = YES_AGGRESSIVE;
				GCC_WARN_UNUSED_FUNCTION = YES;
				GCC_WARN_UNUSED_VARIABLE = YES;
				IPHONEOS_DEPLOYMENT_TARGET = 18.2;
				LOCALIZATION_PREFERS_STRING_CATALOGS = YES;
				MTL_ENABLE_DEBUG_INFO = INCLUDE_SOURCE;
				MTL_FAST_MATH = YES;
				ONLY_ACTIVE_ARCH = YES;
				SDKROOT = iphoneos;
				SWIFT_ACTIVE_COMPILATION_CONDITIONS = "DEBUG $(inherited)";
				SWIFT_OPTIMIZATION_LEVEL = "-Onone";
			};
			name = Debug;
		};
		80819EFD2DF0602600F5E2F1 /* Release */ = {
			isa = XCBuildConfiguration;
			buildSettings = {
				ALWAYS_SEARCH_USER_PATHS = NO;
				ASSETCATALOG_COMPILER_GENERATE_SWIFT_ASSET_SYMBOL_EXTENSIONS = YES;
				CLANG_ANALYZER_NONNULL = YES;
				CLANG_ANALYZER_NUMBER_OBJECT_CONVERSION = YES_AGGRESSIVE;
				CLANG_CXX_LANGUAGE_STANDARD = "gnu++20";
				CLANG_ENABLE_MODULES = YES;
				CLANG_ENABLE_OBJC_ARC = YES;
				CLANG_ENABLE_OBJC_WEAK = YES;
				CLANG_WARN_BLOCK_CAPTURE_AUTORELEASING = YES;
				CLANG_WARN_BOOL_CONVERSION = YES;
				CLANG_WARN_COMMA = YES;
				CLANG_WARN_CONSTANT_CONVERSION = YES;
				CLANG_WARN_DEPRECATED_OBJC_IMPLEMENTATIONS = YES;
				CLANG_WARN_DIRECT_OBJC_ISA_USAGE = YES_ERROR;
				CLANG_WARN_DOCUMENTATION_COMMENTS = YES;
				CLANG_WARN_EMPTY_BODY = YES;
				CLANG_WARN_ENUM_CONVERSION = YES;
				CLANG_WARN_INFINITE_RECURSION = YES;
				CLANG_WARN_INT_CONVERSION = YES;
				CLANG_WARN_NON_LITERAL_NULL_CONVERSION = YES;
				CLANG_WARN_OBJC_IMPLICIT_RETAIN_SELF = YES;
				CLANG_WARN_OBJC_LITERAL_CONVERSION = YES;
				CLANG_WARN_OBJC_ROOT_CLASS = YES_ERROR;
				CLANG_WARN_QUOTED_INCLUDE_IN_FRAMEWORK_HEADER = YES;
				CLANG_WARN_RANGE_LOOP_ANALYSIS = YES;
				CLANG_WARN_STRICT_PROTOTYPES = YES;
				CLANG_WARN_SUSPICIOUS_MOVE = YES;
				CLANG_WARN_UNGUARDED_AVAILABILITY = YES_AGGRESSIVE;
				CLANG_WARN_UNREACHABLE_CODE = YES;
				CLANG_WARN__DUPLICATE_METHOD_MATCH = YES;
				COPY_PHASE_STRIP = NO;
				DEBUG_INFORMATION_FORMAT = "dwarf-with-dsym";
				ENABLE_NS_ASSERTIONS = NO;
				ENABLE_STRICT_OBJC_MSGSEND = YES;
				ENABLE_USER_SCRIPT_SANDBOXING = YES;
				GCC_C_LANGUAGE_STANDARD = gnu17;
				GCC_NO_COMMON_BLOCKS = YES;
				GCC_WARN_64_TO_32_BIT_CONVERSION = YES;
				GCC_WARN_ABOUT_RETURN_TYPE = YES_ERROR;
				GCC_WARN_UNDECLARED_SELECTOR = YES;
				GCC_WARN_UNINITIALIZED_AUTOS = YES_AGGRESSIVE;
				GCC_WARN_UNUSED_FUNCTION = YES;
				GCC_WARN_UNUSED_VARIABLE = YES;
				IPHONEOS_DEPLOYMENT_TARGET = 18.2;
				LOCALIZATION_PREFERS_STRING_CATALOGS = YES;
				MTL_ENABLE_DEBUG_INFO = NO;
				MTL_FAST_MATH = YES;
				SDKROOT = iphoneos;
				SWIFT_COMPILATION_MODE = wholemodule;
				VALIDATE_PRODUCT = YES;
			};
			name = Release;
		};
		80819EFF2DF0602600F5E2F1 /* Debug */ = {
			isa = XCBuildConfiguration;
			buildSettings = {
				ASSETCATALOG_COMPILER_APPICON_NAME = AppIcon;
				ASSETCATALOG_COMPILER_GLOBAL_ACCENT_COLOR_NAME = AccentColor;
				CODE_SIGN_STYLE = Automatic;
				CURRENT_PROJECT_VERSION = 1;
				DEVELOPMENT_ASSET_PATHS = "\"URLSession Demo/Preview Content\"";
				DEVELOPMENT_TEAM = Z8PS8WLYZ6;
				ENABLE_PREVIEWS = YES;
				GENERATE_INFOPLIST_FILE = YES;
				INFOPLIST_KEY_UIApplicationSceneManifest_Generation = YES;
				INFOPLIST_KEY_UIApplicationSupportsIndirectInputEvents = YES;
				INFOPLIST_KEY_UILaunchScreen_Generation = YES;
				INFOPLIST_KEY_UISupportedInterfaceOrientations_iPad = "UIInterfaceOrientationPortrait UIInterfaceOrientationPortraitUpsideDown UIInterfaceOrientationLandscapeLeft UIInterfaceOrientationLandscapeRight";
				INFOPLIST_KEY_UISupportedInterfaceOrientations_iPhone = "UIInterfaceOrientationPortrait UIInterfaceOrientationLandscapeLeft UIInterfaceOrientationLandscapeRight";
				LD_RUNPATH_SEARCH_PATHS = (
					"$(inherited)",
					"@executable_path/Frameworks",
				);
				MARKETING_VERSION = 1.0;
				PRODUCT_BUNDLE_IDENTIFIER = "com.kaushikmanian.URLSession-Demo";
				PRODUCT_NAME = "$(TARGET_NAME)";
				SWIFT_EMIT_LOC_STRINGS = YES;
				SWIFT_VERSION = 5.0;
				TARGETED_DEVICE_FAMILY = "1,2";
			};
			name = Debug;
		};
		80819F002DF0602600F5E2F1 /* Release */ = {
			isa = XCBuildConfiguration;
			buildSettings = {
				ASSETCATALOG_COMPILER_APPICON_NAME = AppIcon;
				ASSETCATALOG_COMPILER_GLOBAL_ACCENT_COLOR_NAME = AccentColor;
				CODE_SIGN_STYLE = Automatic;
				CURRENT_PROJECT_VERSION = 1;
				DEVELOPMENT_ASSET_PATHS = "\"URLSession Demo/Preview Content\"";
				DEVELOPMENT_TEAM = Z8PS8WLYZ6;
				ENABLE_PREVIEWS = YES;
				GENERATE_INFOPLIST_FILE = YES;
				INFOPLIST_KEY_UIApplicationSceneManifest_Generation = YES;
				INFOPLIST_KEY_UIApplicationSupportsIndirectInputEvents = YES;
				INFOPLIST_KEY_UILaunchScreen_Generation = YES;
				INFOPLIST_KEY_UISupportedInterfaceOrientations_iPad = "UIInterfaceOrientationPortrait UIInterfaceOrientationPortraitUpsideDown UIInterfaceOrientationLandscapeLeft UIInterfaceOrientationLandscapeRight";
				INFOPLIST_KEY_UISupportedInterfaceOrientations_iPhone = "UIInterfaceOrientationPortrait UIInterfaceOrientationLandscapeLeft UIInterfaceOrientationLandscapeRight";
				LD_RUNPATH_SEARCH_PATHS = (
					"$(inherited)",
					"@executable_path/Frameworks",
				);
				MARKETING_VERSION = 1.0;
				PRODUCT_BUNDLE_IDENTIFIER = "com.kaushikmanian.URLSession-Demo";
				PRODUCT_NAME = "$(TARGET_NAME)";
				SWIFT_EMIT_LOC_STRINGS = YES;
				SWIFT_VERSION = 5.0;
				TARGETED_DEVICE_FAMILY = "1,2";
			};
			name = Release;
		};
		80819F022DF0602600F5E2F1 /* Debug */ = {
			isa = XCBuildConfiguration;
			buildSettings = {
				BUNDLE_LOADER = "$(TEST_HOST)";
				CODE_SIGN_STYLE = Automatic;
				CURRENT_PROJECT_VERSION = 1;
				DEVELOPMENT_TEAM = Z8PS8WLYZ6;
				GENERATE_INFOPLIST_FILE = YES;
				IPHONEOS_DEPLOYMENT_TARGET = 18.2;
				MARKETING_VERSION = 1.0;
				PRODUCT_BUNDLE_IDENTIFIER = "com.kaushikmanian.URLSession-DemoTests";
				PRODUCT_NAME = "$(TARGET_NAME)";
				SWIFT_EMIT_LOC_STRINGS = NO;
				SWIFT_VERSION = 5.0;
				TARGETED_DEVICE_FAMILY = "1,2";
				TEST_HOST = "$(BUILT_PRODUCTS_DIR)/URLSession Demo.app/$(BUNDLE_EXECUTABLE_FOLDER_PATH)/URLSession Demo";
			};
			name = Debug;
		};
		80819F032DF0602600F5E2F1 /* Release */ = {
			isa = XCBuildConfiguration;
			buildSettings = {
				BUNDLE_LOADER = "$(TEST_HOST)";
				CODE_SIGN_STYLE = Automatic;
				CURRENT_PROJECT_VERSION = 1;
				DEVELOPMENT_TEAM = Z8PS8WLYZ6;
				GENERATE_INFOPLIST_FILE = YES;
				IPHONEOS_DEPLOYMENT_TARGET = 18.2;
				MARKETING_VERSION = 1.0;
				PRODUCT_BUNDLE_IDENTIFIER = "com.kaushikmanian.URLSession-DemoTests";
				PRODUCT_NAME = "$(TARGET_NAME)";
				SWIFT_EMIT_LOC_STRINGS = NO;
				SWIFT_VERSION = 5.0;
				TARGETED_DEVICE_FAMILY = "1,2";
				TEST_HOST = "$(BUILT_PRODUCTS_DIR)/URLSession Demo.app/$(BUNDLE_EXECUTABLE_FOLDER_PATH)/URLSession Demo";
			};
			name = Release;
		};
		80819F052DF0602600F5E2F1 /* Debug */ = {
			isa = XCBuildConfiguration;
			buildSettings = {
				CODE_SIGN_STYLE = Automatic;
				CURRENT_PROJECT_VERSION = 1;
				DEVELOPMENT_TEAM = Z8PS8WLYZ6;
				GENERATE_INFOPLIST_FILE = YES;
				MARKETING_VERSION = 1.0;
				PRODUCT_BUNDLE_IDENTIFIER = "com.kaushikmanian.URLSession-DemoUITests";
				PRODUCT_NAME = "$(TARGET_NAME)";
				SWIFT_EMIT_LOC_STRINGS = NO;
				SWIFT_VERSION = 5.0;
				TARGETED_DEVICE_FAMILY = "1,2";
				TEST_TARGET_NAME = "URLSession Demo";
			};
			name = Debug;
		};
		80819F062DF0602600F5E2F1 /* Release */ = {
			isa = XCBuildConfiguration;
			buildSettings = {
				CODE_SIGN_STYLE = Automatic;
				CURRENT_PROJECT_VERSION = 1;
				DEVELOPMENT_TEAM = Z8PS8WLYZ6;
				GENERATE_INFOPLIST_FILE = YES;
				MARKETING_VERSION = 1.0;
				PRODUCT_BUNDLE_IDENTIFIER = "com.kaushikmanian.URLSession-DemoUITests";
				PRODUCT_NAME = "$(TARGET_NAME)";
				SWIFT_EMIT_LOC_STRINGS = NO;
				SWIFT_VERSION = 5.0;
				TARGETED_DEVICE_FAMILY = "1,2";
				TEST_TARGET_NAME = "URLSession Demo";
			};
			name = Release;
		};
/* End XCBuildConfiguration section */

/* Begin XCConfigurationList section */
		80819ED32DF0602500F5E2F1 /* Build configuration list for PBXProject "URLSession Demo" */ = {
			isa = XCConfigurationList;
			buildConfigurations = (
				80819EFC2DF0602600F5E2F1 /* Debug */,
				80819EFD2DF0602600F5E2F1 /* Release */,
			);
			defaultConfigurationIsVisible = 0;
			defaultConfigurationName = Release;
		};
		80819EFE2DF0602600F5E2F1 /* Build configuration list for PBXNativeTarget "URLSession Demo" */ = {
			isa = XCConfigurationList;
			buildConfigurations = (
				80819EFF2DF0602600F5E2F1 /* Debug */,
				80819F002DF0602600F5E2F1 /* Release */,
			);
			defaultConfigurationIsVisible = 0;
			defaultConfigurationName = Release;
		};
		80819F012DF0602600F5E2F1 /* Build configuration list for PBXNativeTarget "URLSession DemoTests" */ = {
			isa = XCConfigurationList;
			buildConfigurations = (
				80819F022DF0602600F5E2F1 /* Debug */,
				80819F032DF0602600F5E2F1 /* Release */,
			);
			defaultConfigurationIsVisible = 0;
			defaultConfigurationName = Release;
		};
		80819F042DF0602600F5E2F1 /* Build configuration list for PBXNativeTarget "URLSession DemoUITests" */ = {
			isa = XCConfigurationList;
			buildConfigurations = (
				80819F052DF0602600F5E2F1 /* Debug */,
				80819F062DF0602600F5E2F1 /* Release */,
			);
			defaultConfigurationIsVisible = 0;
			defaultConfigurationName = Release;
		};
/* End XCConfigurationList section */
	};
	rootObject = 80819ED02DF0602500F5E2F1 /* Project object */;
}
